
Microsoft Visual Studio Solution File, Format Version 12.00
# Visual Studio Version 17
VisualStudioVersion = 17.7.34221.43
MinimumVisualStudioVersion = 10.0.40219.1
Project("{8BC9CEB8-8B4A-11D0-8D11-00A0C91BC942}") = "FrequencyPlayer", "FrequencyPlayer.vcxproj", "{DFF74C95-43DB-4B73-9C81-16537E1EA279}"
EndProject
Global
	GlobalSection(SolutionConfigurationPlatforms) = preSolution
		Debug|x64 = Debug|x64
		Debug|x86 = Debug|x86
		Release|x64 = Release|x64
		Release|x86 = Release|x86
	EndGlobalSection
	GlobalSection(ProjectConfigurationPlatforms) = postSolution
		{DFF74C95-43DB-4B73-9C81-16537E1EA279}.Debug|x64.ActiveCfg = Debug|x64
		{DFF74C95-43DB-4B73-9C81-16537E1EA279}.Debug|x64.Build.0 = Debug|x64
		{DFF74C95-43DB-4B73-9C81-16537E1EA279}.Debug|x86.ActiveCfg = Debug|Win32
		{DFF74C95-43DB-4B73-9C81-16537E1EA279}.Debug|x86.Build.0 = Debug|Win32
		{DFF74C95-43DB-4B73-9C81-16537E1EA279}.Release|x64.ActiveCfg = Release|x64
		{DFF74C95-43DB-4B73-9C81-16537E1EA279}.Release|x64.Build.0 = Release|x64
		{DFF74C95-43DB-4B73-9C81-16537E1EA279}.Release|x86.ActiveCfg = Release|Win32
		{DFF74C95-43DB-4B73-9C81-16537E1EA279}.Release|x86.Build.0 = Release|Win32
	EndGlobalSection
	GlobalSection(SolutionProperties) = preSolution
		HideSolutionNode = FALSE
	EndGlobalSection
	GlobalSection(ExtensibilityGlobals) = postSolution
		SolutionGuid = {E478C830-0EC9-481A-8539-BE10390B85BA}
	EndGlobalSection
EndGlobal
